
Microsoft Visual Studio Solution File, Format Version 12.00
# Visual Studio Version 17
VisualStudioVersion = 17.9.34622.214
MinimumVisualStudioVersion = 10.0.40219.1
Project("{9A19103F-16F7-4668-BE54-9A1E7A4F7556}") = "Outbox.Inbox.Design.Pattern.Shared", "Outbox.Inbox.Design.Pattern.Shared\Outbox.Inbox.Design.Pattern.Shared.csproj", "{F90E8DCE-128A-45AD-B5EC-813911FC749D}"
EndProject
Project("{9A19103F-16F7-4668-BE54-9A1E7A4F7556}") = "Outbox.Inbox.Design.Pattern.Order.API", "Outbox.Inbox.Design.Pattern.Order.API\Outbox.Inbox.Design.Pattern.Order.API.csproj", "{FF237EC8-073B-46B5-AF13-2E53E199E3C5}"
EndProject
Project("{FAE04EC0-301F-11D3-BF4B-00C04F79EFBC}") = "Outbox.Publisher.Service", "Outbox.Publisher.Service\Outbox.Publisher.Service.csproj", "{3AA600D6-91CC-4E55-A43C-C094ED19CBDA}"
EndProject
Global
	GlobalSection(SolutionConfigurationPlatforms) = preSolution
		Debug|Any CPU = Debug|Any CPU
		Release|Any CPU = Release|Any CPU
	EndGlobalSection
	GlobalSection(ProjectConfigurationPlatforms) = postSolution
		{F90E8DCE-128A-45AD-B5EC-813911FC749D}.Debug|Any CPU.ActiveCfg = Debug|Any CPU
		{F90E8DCE-128A-45AD-B5EC-813911FC749D}.Debug|Any CPU.Build.0 = Debug|Any CPU
		{F90E8DCE-128A-45AD-B5EC-813911FC749D}.Release|Any CPU.ActiveCfg = Release|Any CPU
		{F90E8DCE-128A-45AD-B5EC-813911FC749D}.Release|Any CPU.Build.0 = Release|Any CPU
		{FF237EC8-073B-46B5-AF13-2E53E199E3C5}.Debug|Any CPU.ActiveCfg = Debug|Any CPU
		{FF237EC8-073B-46B5-AF13-2E53E199E3C5}.Debug|Any CPU.Build.0 = Debug|Any CPU
		{FF237EC8-073B-46B5-AF13-2E53E199E3C5}.Release|Any CPU.ActiveCfg = Release|Any CPU
		{FF237EC8-073B-46B5-AF13-2E53E199E3C5}.Release|Any CPU.Build.0 = Release|Any CPU
		{3AA600D6-91CC-4E55-A43C-C094ED19CBDA}.Debug|Any CPU.ActiveCfg = Debug|Any CPU
		{3AA600D6-91CC-4E55-A43C-C094ED19CBDA}.Debug|Any CPU.Build.0 = Debug|Any CPU
		{3AA600D6-91CC-4E55-A43C-C094ED19CBDA}.Release|Any CPU.ActiveCfg = Release|Any CPU
		{3AA600D6-91CC-4E55-A43C-C094ED19CBDA}.Release|Any CPU.Build.0 = Release|Any CPU
	EndGlobalSection
	GlobalSection(SolutionProperties) = preSolution
		HideSolutionNode = FALSE
	EndGlobalSection
	GlobalSection(ExtensibilityGlobals) = postSolution
		SolutionGuid = {A28A4D89-B8D4-470B-BDFE-DD221EE209C1}
	EndGlobalSection
EndGlobal
